// !$*UTF8*$!
{
	archiveVersion = 1;
	classes = {
	};
	objectVersion = 51;
	objects = {

/* Begin PBXBuildFile section */
		02DD531BCE167CC06F43C590 /* Pods_GinoTest.framework in Frameworks */ = {isa = PBXBuildFile; fileRef = 3347E60D80BF846AEA4B0579 /* Pods_GinoTest.framework */; };
		BB32C94A22EC2FDE008AE956 /* AppDelegate.swift in Sources */ = {isa = PBXBuildFile; fileRef = BB32C94922EC2FDE008AE956 /* AppDelegate.swift */; };
		BB32C95122EC2FDF008AE956 /* Assets.xcassets in Resources */ = {isa = PBXBuildFile; fileRef = BB32C95022EC2FDF008AE956 /* Assets.xcassets */; };
		BB32C95422EC2FDF008AE956 /* LaunchScreen.storyboard in Resources */ = {isa = PBXBuildFile; fileRef = BB32C95222EC2FDF008AE956 /* LaunchScreen.storyboard */; };
		BB32C96822EC3C1B008AE956 /* GinoAppDependencyContainer.swift in Sources */ = {isa = PBXBuildFile; fileRef = BB32C96722EC3C1B008AE956 /* GinoAppDependencyContainer.swift */; };
		BB32C97322EC44F0008AE956 /* DatabaseManager.swift in Sources */ = {isa = PBXBuildFile; fileRef = BB32C97222EC44F0008AE956 /* DatabaseManager.swift */; };
		BB32C97522EC4519008AE956 /* ShopManager.swift in Sources */ = {isa = PBXBuildFile; fileRef = BB32C97422EC4519008AE956 /* ShopManager.swift */; };
		BB32C97722EC4530008AE956 /* CartManager.swift in Sources */ = {isa = PBXBuildFile; fileRef = BB32C97622EC4530008AE956 /* CartManager.swift */; };
		BB32C97B22EC4A21008AE956 /* CartViewController.swift in Sources */ = {isa = PBXBuildFile; fileRef = BB32C97A22EC4A21008AE956 /* CartViewController.swift */; };
		BB32C97D22EC4A35008AE956 /* CartPresenter.swift in Sources */ = {isa = PBXBuildFile; fileRef = BB32C97C22EC4A35008AE956 /* CartPresenter.swift */; };
		BB32C98222EC4BBD008AE956 /* DressFilterViewController.swift in Sources */ = {isa = PBXBuildFile; fileRef = BB32C98122EC4BBD008AE956 /* DressFilterViewController.swift */; };
		BB32C98422EC4BD3008AE956 /* DressFilterPresenter.swift in Sources */ = {isa = PBXBuildFile; fileRef = BB32C98322EC4BD3008AE956 /* DressFilterPresenter.swift */; };
		BB32C98622EC4BF1008AE956 /* SizeCalculatorPresenter.swift in Sources */ = {isa = PBXBuildFile; fileRef = BB32C98522EC4BF1008AE956 /* SizeCalculatorPresenter.swift */; };
		BB32C98822EC4C08008AE956 /* SizeCalculatorViewController.swift in Sources */ = {isa = PBXBuildFile; fileRef = BB32C98722EC4C08008AE956 /* SizeCalculatorViewController.swift */; };
		BB32C98A22EC4C33008AE956 /* DressResultViewController.swift in Sources */ = {isa = PBXBuildFile; fileRef = BB32C98922EC4C33008AE956 /* DressResultViewController.swift */; };
		BB32C98C22EC4C43008AE956 /* DressResultPresenter.swift in Sources */ = {isa = PBXBuildFile; fileRef = BB32C98B22EC4C43008AE956 /* DressResultPresenter.swift */; };
		BB32C98E22EC4D2D008AE956 /* GinoDressDependencyContainer.swift in Sources */ = {isa = PBXBuildFile; fileRef = BB32C98D22EC4D2D008AE956 /* GinoDressDependencyContainer.swift */; };
		BB32C99122EC594C008AE956 /* DressFilterResult.swift in Sources */ = {isa = PBXBuildFile; fileRef = BB32C99022EC594C008AE956 /* DressFilterResult.swift */; };
		BB6D6E6A22EDB052007F4A05 /* DressResultCell.swift in Sources */ = {isa = PBXBuildFile; fileRef = BB6D6E6922EDB052007F4A05 /* DressResultCell.swift */; };
		BB6D6E6C22EDB098007F4A05 /* Dress.swift in Sources */ = {isa = PBXBuildFile; fileRef = BB6D6E6B22EDB098007F4A05 /* Dress.swift */; };
		BB6D6E6E22EDB0BA007F4A05 /* Availability.swift in Sources */ = {isa = PBXBuildFile; fileRef = BB6D6E6D22EDB0BA007F4A05 /* Availability.swift */; };
		BB6D6E7022EDB144007F4A05 /* ColorsView.swift in Sources */ = {isa = PBXBuildFile; fileRef = BB6D6E6F22EDB144007F4A05 /* ColorsView.swift */; };
		BBA6CE2822EC84FC00F8B6D9 /* Helpers.swift in Sources */ = {isa = PBXBuildFile; fileRef = BBA6CE2722EC84FC00F8B6D9 /* Helpers.swift */; };
		BBA6CE2922EC84FC00F8B6D9 /* Anchor.swift in Sources */ = {isa = PBXBuildFile; fileRef = BBA6CE2622EC84FC00F8B6D9 /* Anchor.swift */; };
		BBA6CE2A22EC84FC00F8B6D9 /* Layout.swift in Sources */ = {isa = PBXBuildFile; fileRef = BBA6CE2522EC84FB00F8B6D9 /* Layout.swift */; };
		BBA6CE2B22EC84FC00F8B6D9 /* LayoutEnums.swift in Sources */ = {isa = PBXBuildFile; fileRef = BBA6CE2422EC84FB00F8B6D9 /* LayoutEnums.swift */; };
		BBA6CE2E22EC87FE00F8B6D9 /* GinoTextField.swift in Sources */ = {isa = PBXBuildFile; fileRef = BBA6CE2D22EC87FE00F8B6D9 /* GinoTextField.swift */; };
		BBA6CE3022ECCF5A00F8B6D9 /* GinoColor.swift in Sources */ = {isa = PBXBuildFile; fileRef = BBA6CE2F22ECCF5A00F8B6D9 /* GinoColor.swift */; };
		BBA6CE3222ECD9C800F8B6D9 /* SizeResult.swift in Sources */ = {isa = PBXBuildFile; fileRef = BBA6CE3122ECD9C800F8B6D9 /* SizeResult.swift */; };
		BBBA1A3422EDCDBF00624680 /* ShoppingCartCell.swift in Sources */ = {isa = PBXBuildFile; fileRef = BBBA1A3322EDCDBF00624680 /* ShoppingCartCell.swift */; };
		BBBA1A3622EDCE7B00624680 /* StepperView.swift in Sources */ = {isa = PBXBuildFile; fileRef = BBBA1A3522EDCE7B00624680 /* StepperView.swift */; };
		BBBA1A3822EDCEC600624680 /* Int+increment+decrement.swift in Sources */ = {isa = PBXBuildFile; fileRef = BBBA1A3722EDCEC600624680 /* Int+increment+decrement.swift */; };
		BBBA1A3A22EDCF9100624680 /* GinoIcon.swift in Sources */ = {isa = PBXBuildFile; fileRef = BBBA1A3922EDCF9100624680 /* GinoIcon.swift */; };
		BBBA1A3E22EDF30500624680 /* GinoTextPicker.swift in Sources */ = {isa = PBXBuildFile; fileRef = BBBA1A3D22EDF30500624680 /* GinoTextPicker.swift */; };
		BBBA1A4022EDF3A500624680 /* String+toInt.swift in Sources */ = {isa = PBXBuildFile; fileRef = BBBA1A3F22EDF3A500624680 /* String+toInt.swift */; };
		BBBA1A4222EE020800624680 /* DressCategory.swift in Sources */ = {isa = PBXBuildFile; fileRef = BBBA1A4122EE020800624680 /* DressCategory.swift */; };
		BBBA1A4522EE035C00624680 /* DressColor.swift in Sources */ = {isa = PBXBuildFile; fileRef = BBBA1A4422EE035C00624680 /* DressColor.swift */; };
		BBBA1A4722EE040B00624680 /* DressSize.swift in Sources */ = {isa = PBXBuildFile; fileRef = BBBA1A4622EE040B00624680 /* DressSize.swift */; };
		BBBA1A4922EE067300624680 /* String+converter->DressFilterResult.swift in Sources */ = {isa = PBXBuildFile; fileRef = BBBA1A4822EE067300624680 /* String+converter->DressFilterResult.swift */; };
		BBBA1A4B22EE2FDA00624680 /* SizeObject.swift in Sources */ = {isa = PBXBuildFile; fileRef = BBBA1A4A22EE2FDA00624680 /* SizeObject.swift */; };
		BBBA1A4D22EE324600624680 /* DressObject.swift in Sources */ = {isa = PBXBuildFile; fileRef = BBBA1A4C22EE324600624680 /* DressObject.swift */; };
		BBBA1A4F22EE5D2D00624680 /* UIImage+Constructor.swift in Sources */ = {isa = PBXBuildFile; fileRef = BBBA1A4E22EE5D2D00624680 /* UIImage+Constructor.swift */; };
/* End PBXBuildFile section */

/* Begin PBXFileReference section */
		3347E60D80BF846AEA4B0579 /* Pods_GinoTest.framework */ = {isa = PBXFileReference; explicitFileType = wrapper.framework; includeInIndex = 0; path = Pods_GinoTest.framework; sourceTree = BUILT_PRODUCTS_DIR; };
		59AF549CFA2282498567AE93 /* Pods-GinoTest.release.xcconfig */ = {isa = PBXFileReference; includeInIndex = 1; lastKnownFileType = text.xcconfig; name = "Pods-GinoTest.release.xcconfig"; path = "Target Support Files/Pods-GinoTest/Pods-GinoTest.release.xcconfig"; sourceTree = "<group>"; };
		9ED978C2FADA09F8109E6A74 /* Pods-GinoTest.debug.xcconfig */ = {isa = PBXFileReference; includeInIndex = 1; lastKnownFileType = text.xcconfig; name = "Pods-GinoTest.debug.xcconfig"; path = "Target Support Files/Pods-GinoTest/Pods-GinoTest.debug.xcconfig"; sourceTree = "<group>"; };
		BB32C94622EC2FDE008AE956 /* GinoTest.app */ = {isa = PBXFileReference; explicitFileType = wrapper.application; includeInIndex = 0; path = GinoTest.app; sourceTree = BUILT_PRODUCTS_DIR; };
		BB32C94922EC2FDE008AE956 /* AppDelegate.swift */ = {isa = PBXFileReference; lastKnownFileType = sourcecode.swift; path = AppDelegate.swift; sourceTree = "<group>"; };
		BB32C95022EC2FDF008AE956 /* Assets.xcassets */ = {isa = PBXFileReference; lastKnownFileType = folder.assetcatalog; path = Assets.xcassets; sourceTree = "<group>"; };
		BB32C95322EC2FDF008AE956 /* Base */ = {isa = PBXFileReference; lastKnownFileType = file.storyboard; name = Base; path = Base.lproj/LaunchScreen.storyboard; sourceTree = "<group>"; };
		BB32C95522EC2FDF008AE956 /* Info.plist */ = {isa = PBXFileReference; lastKnownFileType = text.plist.xml; path = Info.plist; sourceTree = "<group>"; };
		BB32C96722EC3C1B008AE956 /* GinoAppDependencyContainer.swift */ = {isa = PBXFileReference; lastKnownFileType = sourcecode.swift; path = GinoAppDependencyContainer.swift; sourceTree = "<group>"; };
		BB32C97222EC44F0008AE956 /* DatabaseManager.swift */ = {isa = PBXFileReference; lastKnownFileType = sourcecode.swift; path = DatabaseManager.swift; sourceTree = "<group>"; };
		BB32C97422EC4519008AE956 /* ShopManager.swift */ = {isa = PBXFileReference; lastKnownFileType = sourcecode.swift; path = ShopManager.swift; sourceTree = "<group>"; };
		BB32C97622EC4530008AE956 /* CartManager.swift */ = {isa = PBXFileReference; lastKnownFileType = sourcecode.swift; path = CartManager.swift; sourceTree = "<group>"; };
		BB32C97A22EC4A21008AE956 /* CartViewController.swift */ = {isa = PBXFileReference; lastKnownFileType = sourcecode.swift; path = CartViewController.swift; sourceTree = "<group>"; };
		BB32C97C22EC4A35008AE956 /* CartPresenter.swift */ = {isa = PBXFileReference; lastKnownFileType = sourcecode.swift; path = CartPresenter.swift; sourceTree = "<group>"; };
		BB32C98122EC4BBD008AE956 /* DressFilterViewController.swift */ = {isa = PBXFileReference; lastKnownFileType = sourcecode.swift; path = DressFilterViewController.swift; sourceTree = "<group>"; };
		BB32C98322EC4BD3008AE956 /* DressFilterPresenter.swift */ = {isa = PBXFileReference; lastKnownFileType = sourcecode.swift; path = DressFilterPresenter.swift; sourceTree = "<group>"; };
		BB32C98522EC4BF1008AE956 /* SizeCalculatorPresenter.swift */ = {isa = PBXFileReference; lastKnownFileType = sourcecode.swift; path = SizeCalculatorPresenter.swift; sourceTree = "<group>"; };
		BB32C98722EC4C08008AE956 /* SizeCalculatorViewController.swift */ = {isa = PBXFileReference; lastKnownFileType = sourcecode.swift; path = SizeCalculatorViewController.swift; sourceTree = "<group>"; };
		BB32C98922EC4C33008AE956 /* DressResultViewController.swift */ = {isa = PBXFileReference; lastKnownFileType = sourcecode.swift; path = DressResultViewController.swift; sourceTree = "<group>"; };
		BB32C98B22EC4C43008AE956 /* DressResultPresenter.swift */ = {isa = PBXFileReference; lastKnownFileType = sourcecode.swift; path = DressResultPresenter.swift; sourceTree = "<group>"; };
		BB32C98D22EC4D2D008AE956 /* GinoDressDependencyContainer.swift */ = {isa = PBXFileReference; lastKnownFileType = sourcecode.swift; path = GinoDressDependencyContainer.swift; sourceTree = "<group>"; };
		BB32C99022EC594C008AE956 /* DressFilterResult.swift */ = {isa = PBXFileReference; lastKnownFileType = sourcecode.swift; path = DressFilterResult.swift; sourceTree = "<group>"; };
		BB6D6E6922EDB052007F4A05 /* DressResultCell.swift */ = {isa = PBXFileReference; lastKnownFileType = sourcecode.swift; path = DressResultCell.swift; sourceTree = "<group>"; };
		BB6D6E6B22EDB098007F4A05 /* Dress.swift */ = {isa = PBXFileReference; lastKnownFileType = sourcecode.swift; path = Dress.swift; sourceTree = "<group>"; };
		BB6D6E6D22EDB0BA007F4A05 /* Availability.swift */ = {isa = PBXFileReference; lastKnownFileType = sourcecode.swift; path = Availability.swift; sourceTree = "<group>"; };
		BB6D6E6F22EDB144007F4A05 /* ColorsView.swift */ = {isa = PBXFileReference; lastKnownFileType = sourcecode.swift; path = ColorsView.swift; sourceTree = "<group>"; };
		BBA6CE2422EC84FB00F8B6D9 /* LayoutEnums.swift */ = {isa = PBXFileReference; lastKnownFileType = sourcecode.swift; path = LayoutEnums.swift; sourceTree = "<group>"; };
		BBA6CE2522EC84FB00F8B6D9 /* Layout.swift */ = {isa = PBXFileReference; lastKnownFileType = sourcecode.swift; path = Layout.swift; sourceTree = "<group>"; };
		BBA6CE2622EC84FC00F8B6D9 /* Anchor.swift */ = {isa = PBXFileReference; lastKnownFileType = sourcecode.swift; path = Anchor.swift; sourceTree = "<group>"; };
		BBA6CE2722EC84FC00F8B6D9 /* Helpers.swift */ = {isa = PBXFileReference; lastKnownFileType = sourcecode.swift; path = Helpers.swift; sourceTree = "<group>"; };
		BBA6CE2D22EC87FE00F8B6D9 /* GinoTextField.swift */ = {isa = PBXFileReference; lastKnownFileType = sourcecode.swift; path = GinoTextField.swift; sourceTree = "<group>"; };
		BBA6CE2F22ECCF5A00F8B6D9 /* GinoColor.swift */ = {isa = PBXFileReference; lastKnownFileType = sourcecode.swift; path = GinoColor.swift; sourceTree = "<group>"; };
		BBA6CE3122ECD9C800F8B6D9 /* SizeResult.swift */ = {isa = PBXFileReference; lastKnownFileType = sourcecode.swift; path = SizeResult.swift; sourceTree = "<group>"; };
		BBBA1A3322EDCDBF00624680 /* ShoppingCartCell.swift */ = {isa = PBXFileReference; lastKnownFileType = sourcecode.swift; path = ShoppingCartCell.swift; sourceTree = "<group>"; };
		BBBA1A3522EDCE7B00624680 /* StepperView.swift */ = {isa = PBXFileReference; lastKnownFileType = sourcecode.swift; path = StepperView.swift; sourceTree = "<group>"; };
		BBBA1A3722EDCEC600624680 /* Int+increment+decrement.swift */ = {isa = PBXFileReference; lastKnownFileType = sourcecode.swift; path = "Int+increment+decrement.swift"; sourceTree = "<group>"; };
		BBBA1A3922EDCF9100624680 /* GinoIcon.swift */ = {isa = PBXFileReference; lastKnownFileType = sourcecode.swift; path = GinoIcon.swift; sourceTree = "<group>"; };
		BBBA1A3D22EDF30500624680 /* GinoTextPicker.swift */ = {isa = PBXFileReference; fileEncoding = 4; lastKnownFileType = sourcecode.swift; path = GinoTextPicker.swift; sourceTree = "<group>"; };
		BBBA1A3F22EDF3A500624680 /* String+toInt.swift */ = {isa = PBXFileReference; lastKnownFileType = sourcecode.swift; path = "String+toInt.swift"; sourceTree = "<group>"; };
		BBBA1A4122EE020800624680 /* DressCategory.swift */ = {isa = PBXFileReference; lastKnownFileType = sourcecode.swift; path = DressCategory.swift; sourceTree = "<group>"; };
		BBBA1A4422EE035C00624680 /* DressColor.swift */ = {isa = PBXFileReference; lastKnownFileType = sourcecode.swift; path = DressColor.swift; sourceTree = "<group>"; };
		BBBA1A4622EE040B00624680 /* DressSize.swift */ = {isa = PBXFileReference; lastKnownFileType = sourcecode.swift; path = DressSize.swift; sourceTree = "<group>"; };
		BBBA1A4822EE067300624680 /* String+converter->DressFilterResult.swift */ = {isa = PBXFileReference; lastKnownFileType = sourcecode.swift; path = "String+converter->DressFilterResult.swift"; sourceTree = "<group>"; };
		BBBA1A4A22EE2FDA00624680 /* SizeObject.swift */ = {isa = PBXFileReference; lastKnownFileType = sourcecode.swift; path = SizeObject.swift; sourceTree = "<group>"; };
		BBBA1A4C22EE324600624680 /* DressObject.swift */ = {isa = PBXFileReference; lastKnownFileType = sourcecode.swift; path = DressObject.swift; sourceTree = "<group>"; };
		BBBA1A4E22EE5D2D00624680 /* UIImage+Constructor.swift */ = {isa = PBXFileReference; lastKnownFileType = sourcecode.swift; path = "UIImage+Constructor.swift"; sourceTree = "<group>"; };
/* End PBXFileReference section */

/* Begin PBXFrameworksBuildPhase section */
		BB32C94322EC2FDE008AE956 /* Frameworks */ = {
			isa = PBXFrameworksBuildPhase;
			buildActionMask = 2147483647;
			files = (
				02DD531BCE167CC06F43C590 /* Pods_GinoTest.framework in Frameworks */,
			);
			runOnlyForDeploymentPostprocessing = 0;
		};
/* End PBXFrameworksBuildPhase section */

/* Begin PBXGroup section */
		1E5B28D12B16C1E1A60B309C /* Frameworks */ = {
			isa = PBXGroup;
			children = (
				3347E60D80BF846AEA4B0579 /* Pods_GinoTest.framework */,
			);
			name = Frameworks;
			sourceTree = "<group>";
		};
		AFA86D3E8DFFF98369F3CEA4 /* Pods */ = {
			isa = PBXGroup;
			children = (
				9ED978C2FADA09F8109E6A74 /* Pods-GinoTest.debug.xcconfig */,
				59AF549CFA2282498567AE93 /* Pods-GinoTest.release.xcconfig */,
			);
			path = Pods;
			sourceTree = "<group>";
		};
		BB32C93D22EC2FDE008AE956 = {
			isa = PBXGroup;
			children = (
				BB32C94822EC2FDE008AE956 /* GinoTest */,
				BB32C95D22EC3954008AE956 /* UI */,
				BB32C95E22EC3961008AE956 /* Core */,
				BB32C95F22EC396B008AE956 /* Common */,
				BB32C94722EC2FDE008AE956 /* Products */,
				AFA86D3E8DFFF98369F3CEA4 /* Pods */,
				1E5B28D12B16C1E1A60B309C /* Frameworks */,
			);
			sourceTree = "<group>";
		};
		BB32C94722EC2FDE008AE956 /* Products */ = {
			isa = PBXGroup;
			children = (
				BB32C94622EC2FDE008AE956 /* GinoTest.app */,
			);
			name = Products;
			sourceTree = "<group>";
		};
		BB32C94822EC2FDE008AE956 /* GinoTest */ = {
			isa = PBXGroup;
			children = (
				BB32C94922EC2FDE008AE956 /* AppDelegate.swift */,
				BB32C95B22EC3914008AE956 /* Flow */,
				BB32C95C22EC3926008AE956 /* Resources */,
			);
			path = GinoTest;
			sourceTree = "<group>";
		};
		BB32C95B22EC3914008AE956 /* Flow */ = {
			isa = PBXGroup;
			children = (
				BB32C97922EC48B1008AE956 /* DressList */,
				BB32C97822EC487B008AE956 /* Cart */,
			);
			path = Flow;
			sourceTree = "<group>";
		};
		BB32C95C22EC3926008AE956 /* Resources */ = {
			isa = PBXGroup;
			children = (
				BB32C95022EC2FDF008AE956 /* Assets.xcassets */,
				BB32C95222EC2FDF008AE956 /* LaunchScreen.storyboard */,
				BB32C95522EC2FDF008AE956 /* Info.plist */,
			);
			path = Resources;
			sourceTree = "<group>";
		};
		BB32C95D22EC3954008AE956 /* UI */ = {
			isa = PBXGroup;
			children = (
				BB32C96022EC39AF008AE956 /* CustomView */,
				BB32C96122EC39B8008AE956 /* CustomCell */,
			);
			path = UI;
			sourceTree = "<group>";
		};
		BB32C95E22EC3961008AE956 /* Core */ = {
			isa = PBXGroup;
			children = (
				BB32C98F22EC58D3008AE956 /* Model */,
				BB32C96222EC3A53008AE956 /* Dependency */,
				BB32C96322EC3A5F008AE956 /* Manager */,
				BB32C96422EC3A67008AE956 /* Database */,
			);
			path = Core;
			sourceTree = "<group>";
		};
		BB32C95F22EC396B008AE956 /* Common */ = {
			isa = PBXGroup;
			children = (
				BB32C96522EC3AE8008AE956 /* Helper */,
				BB32C96622EC3AF0008AE956 /* Extension */,
			);
			path = Common;
			sourceTree = "<group>";
		};
		BB32C96022EC39AF008AE956 /* CustomView */ = {
			isa = PBXGroup;
			children = (
				BBA6CE2D22EC87FE00F8B6D9 /* GinoTextField.swift */,
				BBBA1A3D22EDF30500624680 /* GinoTextPicker.swift */,
				BBBA1A3522EDCE7B00624680 /* StepperView.swift */,
				BB6D6E6F22EDB144007F4A05 /* ColorsView.swift */,
			);
			path = CustomView;
			sourceTree = "<group>";
		};
		BB32C96122EC39B8008AE956 /* CustomCell */ = {
			isa = PBXGroup;
			children = (
				BB6D6E6922EDB052007F4A05 /* DressResultCell.swift */,
				BBBA1A3322EDCDBF00624680 /* ShoppingCartCell.swift */,
			);
			path = CustomCell;
			sourceTree = "<group>";
		};
		BB32C96222EC3A53008AE956 /* Dependency */ = {
			isa = PBXGroup;
			children = (
				BB32C96722EC3C1B008AE956 /* GinoAppDependencyContainer.swift */,
				BB32C98D22EC4D2D008AE956 /* GinoDressDependencyContainer.swift */,
			);
			path = Dependency;
			sourceTree = "<group>";
		};
		BB32C96322EC3A5F008AE956 /* Manager */ = {
			isa = PBXGroup;
			children = (
				BB32C97222EC44F0008AE956 /* DatabaseManager.swift */,
				BB32C97422EC4519008AE956 /* ShopManager.swift */,
				BB32C97622EC4530008AE956 /* CartManager.swift */,
			);
			path = Manager;
			sourceTree = "<group>";
		};
		BB32C96422EC3A67008AE956 /* Database */ = {
			isa = PBXGroup;
			children = (
				BBBA1A4A22EE2FDA00624680 /* SizeObject.swift */,
				BBBA1A4C22EE324600624680 /* DressObject.swift */,
			);
			path = Database;
			sourceTree = "<group>";
		};
		BB32C96522EC3AE8008AE956 /* Helper */ = {
			isa = PBXGroup;
			children = (
				BBA6CE2C22EC850800F8B6D9 /* Layout */,
				BBA6CE2F22ECCF5A00F8B6D9 /* GinoColor.swift */,
				BBBA1A3922EDCF9100624680 /* GinoIcon.swift */,
			);
			path = Helper;
			sourceTree = "<group>";
		};
		BB32C96622EC3AF0008AE956 /* Extension */ = {
			isa = PBXGroup;
			children = (
				BBBA1A3722EDCEC600624680 /* Int+increment+decrement.swift */,
				BBBA1A4E22EE5D2D00624680 /* UIImage+Constructor.swift */,
				BBBA1A4822EE067300624680 /* String+converter->DressFilterResult.swift */,
				BBBA1A3F22EDF3A500624680 /* String+toInt.swift */,
			);
			path = Extension;
			sourceTree = "<group>";
		};
		BB32C97822EC487B008AE956 /* Cart */ = {
			isa = PBXGroup;
			children = (
				BB32C97A22EC4A21008AE956 /* CartViewController.swift */,
				BB32C97C22EC4A35008AE956 /* CartPresenter.swift */,
			);
			path = Cart;
			sourceTree = "<group>";
		};
		BB32C97922EC48B1008AE956 /* DressList */ = {
			isa = PBXGroup;
			children = (
				BB32C97E22EC4B18008AE956 /* Filter */,
				BB32C97F22EC4B27008AE956 /* SizeCalculator */,
				BB32C98022EC4B5F008AE956 /* DressResult */,
			);
			path = DressList;
			sourceTree = "<group>";
		};
		BB32C97E22EC4B18008AE956 /* Filter */ = {
			isa = PBXGroup;
			children = (
				BB32C98122EC4BBD008AE956 /* DressFilterViewController.swift */,
				BB32C98322EC4BD3008AE956 /* DressFilterPresenter.swift */,
			);
			path = Filter;
			sourceTree = "<group>";
		};
		BB32C97F22EC4B27008AE956 /* SizeCalculator */ = {
			isa = PBXGroup;
			children = (
				BB32C98722EC4C08008AE956 /* SizeCalculatorViewController.swift */,
				BB32C98522EC4BF1008AE956 /* SizeCalculatorPresenter.swift */,
			);
			path = SizeCalculator;
			sourceTree = "<group>";
		};
		BB32C98022EC4B5F008AE956 /* DressResult */ = {
			isa = PBXGroup;
			children = (
				BB32C98922EC4C33008AE956 /* DressResultViewController.swift */,
				BB32C98B22EC4C43008AE956 /* DressResultPresenter.swift */,
			);
			path = DressResult;
			sourceTree = "<group>";
		};
		BB32C98F22EC58D3008AE956 /* Model */ = {
			isa = PBXGroup;
			children = (
				BB32C99022EC594C008AE956 /* DressFilterResult.swift */,
				BB6D6E6B22EDB098007F4A05 /* Dress.swift */,
				BB6D6E6D22EDB0BA007F4A05 /* Availability.swift */,
				BBA6CE3122ECD9C800F8B6D9 /* SizeResult.swift */,
				BBBA1A4122EE020800624680 /* DressCategory.swift */,
				BBBA1A4422EE035C00624680 /* DressColor.swift */,
				BBBA1A4622EE040B00624680 /* DressSize.swift */,
			);
			path = Model;
			sourceTree = "<group>";
		};
		BBA6CE2C22EC850800F8B6D9 /* Layout */ = {
			isa = PBXGroup;
			children = (
				BBA6CE2622EC84FC00F8B6D9 /* Anchor.swift */,
				BBA6CE2722EC84FC00F8B6D9 /* Helpers.swift */,
				BBA6CE2522EC84FB00F8B6D9 /* Layout.swift */,
				BBA6CE2422EC84FB00F8B6D9 /* LayoutEnums.swift */,
			);
			path = Layout;
			sourceTree = "<group>";
		};
/* End PBXGroup section */

/* Begin PBXNativeTarget section */
		BB32C94522EC2FDE008AE956 /* GinoTest */ = {
			isa = PBXNativeTarget;
			buildConfigurationList = BB32C95822EC2FDF008AE956 /* Build configuration list for PBXNativeTarget "GinoTest" */;
			buildPhases = (
				40EDEFD001A1D20069DA9E36 /* [CP] Check Pods Manifest.lock */,
				BB32C94222EC2FDE008AE956 /* Sources */,
				BB32C94322EC2FDE008AE956 /* Frameworks */,
				BB32C94422EC2FDE008AE956 /* Resources */,
				B1180D0DBA9E30724B4042EA /* [CP] Embed Pods Frameworks */,
			);
			buildRules = (
			);
			dependencies = (
			);
			name = GinoTest;
			productName = GinoTest;
			productReference = BB32C94622EC2FDE008AE956 /* GinoTest.app */;
			productType = "com.apple.product-type.application";
		};
/* End PBXNativeTarget section */

/* Begin PBXProject section */
		BB32C93E22EC2FDE008AE956 /* Project object */ = {
			isa = PBXProject;
			attributes = {
				LastSwiftUpdateCheck = 1020;
				LastUpgradeCheck = 1020;
				ORGANIZATIONNAME = "Nazar Herych";
				TargetAttributes = {
					BB32C94522EC2FDE008AE956 = {
						CreatedOnToolsVersion = 10.2.1;
					};
				};
			};
			buildConfigurationList = BB32C94122EC2FDE008AE956 /* Build configuration list for PBXProject "GinoTest" */;
			compatibilityVersion = "Xcode 9.3";
			developmentRegion = en;
			hasScannedForEncodings = 0;
			knownRegions = (
				en,
				Base,
			);
			mainGroup = BB32C93D22EC2FDE008AE956;
			productRefGroup = BB32C94722EC2FDE008AE956 /* Products */;
			projectDirPath = "";
			projectRoot = "";
			targets = (
				BB32C94522EC2FDE008AE956 /* GinoTest */,
			);
		};
/* End PBXProject section */

/* Begin PBXResourcesBuildPhase section */
		BB32C94422EC2FDE008AE956 /* Resources */ = {
			isa = PBXResourcesBuildPhase;
			buildActionMask = 2147483647;
			files = (
				BB32C95422EC2FDF008AE956 /* LaunchScreen.storyboard in Resources */,
				BB32C95122EC2FDF008AE956 /* Assets.xcassets in Resources */,
			);
			runOnlyForDeploymentPostprocessing = 0;
		};
/* End PBXResourcesBuildPhase section */

/* Begin PBXShellScriptBuildPhase section */
		40EDEFD001A1D20069DA9E36 /* [CP] Check Pods Manifest.lock */ = {
			isa = PBXShellScriptBuildPhase;
			buildActionMask = 2147483647;
			files = (
			);
			inputFileListPaths = (
			);
			inputPaths = (
				"${PODS_PODFILE_DIR_PATH}/Podfile.lock",
				"${PODS_ROOT}/Manifest.lock",
			);
			name = "[CP] Check Pods Manifest.lock";
			outputFileListPaths = (
			);
			outputPaths = (
				"$(DERIVED_FILE_DIR)/Pods-GinoTest-checkManifestLockResult.txt",
			);
			runOnlyForDeploymentPostprocessing = 0;
			shellPath = /bin/sh;
			shellScript = "diff \"${PODS_PODFILE_DIR_PATH}/Podfile.lock\" \"${PODS_ROOT}/Manifest.lock\" > /dev/null\nif [ $? != 0 ] ; then\n    # print error to STDERR\n    echo \"error: The sandbox is not in sync with the Podfile.lock. Run 'pod install' or update your CocoaPods installation.\" >&2\n    exit 1\nfi\n# This output is used by Xcode 'outputs' to avoid re-running this script phase.\necho \"SUCCESS\" > \"${SCRIPT_OUTPUT_FILE_0}\"\n";
			showEnvVarsInLog = 0;
		};
		B1180D0DBA9E30724B4042EA /* [CP] Embed Pods Frameworks */ = {
			isa = PBXShellScriptBuildPhase;
			buildActionMask = 2147483647;
			files = (
			);
			inputFileListPaths = (
				"${PODS_ROOT}/Target Support Files/Pods-GinoTest/Pods-GinoTest-frameworks-${CONFIGURATION}-input-files.xcfilelist",
			);
			name = "[CP] Embed Pods Frameworks";
			outputFileListPaths = (
				"${PODS_ROOT}/Target Support Files/Pods-GinoTest/Pods-GinoTest-frameworks-${CONFIGURATION}-output-files.xcfilelist",
			);
			runOnlyForDeploymentPostprocessing = 0;
			shellPath = /bin/sh;
			shellScript = "\"${PODS_ROOT}/Target Support Files/Pods-GinoTest/Pods-GinoTest-frameworks.sh\"\n";
			showEnvVarsInLog = 0;
		};
/* End PBXShellScriptBuildPhase section */

/* Begin PBXSourcesBuildPhase section */
		BB32C94222EC2FDE008AE956 /* Sources */ = {
			isa = PBXSourcesBuildPhase;
			buildActionMask = 2147483647;
			files = (
				BBBA1A3E22EDF30500624680 /* GinoTextPicker.swift in Sources */,
				BB32C97D22EC4A35008AE956 /* CartPresenter.swift in Sources */,
				BBBA1A3422EDCDBF00624680 /* ShoppingCartCell.swift in Sources */,
				BB32C98C22EC4C43008AE956 /* DressResultPresenter.swift in Sources */,
				BBBA1A3A22EDCF9100624680 /* GinoIcon.swift in Sources */,
				BB32C97322EC44F0008AE956 /* DatabaseManager.swift in Sources */,
				BB6D6E6E22EDB0BA007F4A05 /* Availability.swift in Sources */,
				BBBA1A4222EE020800624680 /* DressCategory.swift in Sources */,
				BBBA1A4722EE040B00624680 /* DressSize.swift in Sources */,
				BBBA1A4D22EE324600624680 /* DressObject.swift in Sources */,
				BBA6CE3222ECD9C800F8B6D9 /* SizeResult.swift in Sources */,
				BB32C97722EC4530008AE956 /* CartManager.swift in Sources */,
				BB6D6E6A22EDB052007F4A05 /* DressResultCell.swift in Sources */,
				BB32C97B22EC4A21008AE956 /* CartViewController.swift in Sources */,
				BBA6CE2B22EC84FC00F8B6D9 /* LayoutEnums.swift in Sources */,
				BBA6CE2A22EC84FC00F8B6D9 /* Layout.swift in Sources */,
				BB32C98222EC4BBD008AE956 /* DressFilterViewController.swift in Sources */,
				BB32C98E22EC4D2D008AE956 /* GinoDressDependencyContainer.swift in Sources */,
				BBBA1A4F22EE5D2D00624680 /* UIImage+Constructor.swift in Sources */,
				BB32C99122EC594C008AE956 /* DressFilterResult.swift in Sources */,
				BB32C96822EC3C1B008AE956 /* GinoAppDependencyContainer.swift in Sources */,
				BBBA1A4922EE067300624680 /* String+converter->DressFilterResult.swift in Sources */,
				BBBA1A3822EDCEC600624680 /* Int+increment+decrement.swift in Sources */,
				BBBA1A4B22EE2FDA00624680 /* SizeObject.swift in Sources */,
				BBA6CE2E22EC87FE00F8B6D9 /* GinoTextField.swift in Sources */,
				BB32C94A22EC2FDE008AE956 /* AppDelegate.swift in Sources */,
				BB32C98422EC4BD3008AE956 /* DressFilterPresenter.swift in Sources */,
				BBBA1A3622EDCE7B00624680 /* StepperView.swift in Sources */,
				BBA6CE3022ECCF5A00F8B6D9 /* GinoColor.swift in Sources */,
				BBA6CE2822EC84FC00F8B6D9 /* Helpers.swift in Sources */,
				BB32C98822EC4C08008AE956 /* SizeCalculatorViewController.swift in Sources */,
				BB32C97522EC4519008AE956 /* ShopManager.swift in Sources */,
				BBBA1A4522EE035C00624680 /* DressColor.swift in Sources */,
				BB32C98622EC4BF1008AE956 /* SizeCalculatorPresenter.swift in Sources */,
				BB32C98A22EC4C33008AE956 /* DressResultViewController.swift in Sources */,
				BBA6CE2922EC84FC00F8B6D9 /* Anchor.swift in Sources */,
				BBBA1A4022EDF3A500624680 /* String+toInt.swift in Sources */,
				BB6D6E7022EDB144007F4A05 /* ColorsView.swift in Sources */,
				BB6D6E6C22EDB098007F4A05 /* Dress.swift in Sources */,
			);
			runOnlyForDeploymentPostprocessing = 0;
		};
/* End PBXSourcesBuildPhase section */

/* Begin PBXVariantGroup section */
		BB32C95222EC2FDF008AE956 /* LaunchScreen.storyboard */ = {
			isa = PBXVariantGroup;
			children = (
				BB32C95322EC2FDF008AE956 /* Base */,
			);
			name = LaunchScreen.storyboard;
			sourceTree = "<group>";
		};
/* End PBXVariantGroup section */

/* Begin XCBuildConfiguration section */
		BB32C95622EC2FDF008AE956 /* Debug */ = {
			isa = XCBuildConfiguration;
			buildSettings = {
				ALWAYS_SEARCH_USER_PATHS = NO;
				CLANG_ANALYZER_NONNULL = YES;
				CLANG_ANALYZER_NUMBER_OBJECT_CONVERSION = YES_AGGRESSIVE;
				CLANG_CXX_LANGUAGE_STANDARD = "gnu++14";
				CLANG_CXX_LIBRARY = "libc++";
				CLANG_ENABLE_MODULES = YES;
				CLANG_ENABLE_OBJC_ARC = YES;
				CLANG_ENABLE_OBJC_WEAK = YES;
				CLANG_WARN_BLOCK_CAPTURE_AUTORELEASING = YES;
				CLANG_WARN_BOOL_CONVERSION = YES;
				CLANG_WARN_COMMA = YES;
				CLANG_WARN_CONSTANT_CONVERSION = YES;
				CLANG_WARN_DEPRECATED_OBJC_IMPLEMENTATIONS = YES;
				CLANG_WARN_DIRECT_OBJC_ISA_USAGE = YES_ERROR;
				CLANG_WARN_DOCUMENTATION_COMMENTS = YES;
				CLANG_WARN_EMPTY_BODY = YES;
				CLANG_WARN_ENUM_CONVERSION = YES;
				CLANG_WARN_INFINITE_RECURSION = YES;
				CLANG_WARN_INT_CONVERSION = YES;
				CLANG_WARN_NON_LITERAL_NULL_CONVERSION = YES;
				CLANG_WARN_OBJC_IMPLICIT_RETAIN_SELF = YES;
				CLANG_WARN_OBJC_LITERAL_CONVERSION = YES;
				CLANG_WARN_OBJC_ROOT_CLASS = YES_ERROR;
				CLANG_WARN_RANGE_LOOP_ANALYSIS = YES;
				CLANG_WARN_STRICT_PROTOTYPES = YES;
				CLANG_WARN_SUSPICIOUS_MOVE = YES;
				CLANG_WARN_UNGUARDED_AVAILABILITY = YES_AGGRESSIVE;
				CLANG_WARN_UNREACHABLE_CODE = YES;
				CLANG_WARN__DUPLICATE_METHOD_MATCH = YES;
				CODE_SIGN_IDENTITY = "iPhone Developer";
				COPY_PHASE_STRIP = NO;
				DEBUG_INFORMATION_FORMAT = dwarf;
				ENABLE_STRICT_OBJC_MSGSEND = YES;
				ENABLE_TESTABILITY = YES;
				GCC_C_LANGUAGE_STANDARD = gnu11;
				GCC_DYNAMIC_NO_PIC = NO;
				GCC_NO_COMMON_BLOCKS = YES;
				GCC_OPTIMIZATION_LEVEL = 0;
				GCC_PREPROCESSOR_DEFINITIONS = (
					"DEBUG=1",
					"$(inherited)",
				);
				GCC_WARN_64_TO_32_BIT_CONVERSION = YES;
				GCC_WARN_ABOUT_RETURN_TYPE = YES_ERROR;
				GCC_WARN_UNDECLARED_SELECTOR = YES;
				GCC_WARN_UNINITIALIZED_AUTOS = YES_AGGRESSIVE;
				GCC_WARN_UNUSED_FUNCTION = YES;
				GCC_WARN_UNUSED_VARIABLE = YES;
				IPHONEOS_DEPLOYMENT_TARGET = 12.2;
				MTL_ENABLE_DEBUG_INFO = INCLUDE_SOURCE;
				MTL_FAST_MATH = YES;
				ONLY_ACTIVE_ARCH = YES;
				SDKROOT = iphoneos;
				SWIFT_ACTIVE_COMPILATION_CONDITIONS = DEBUG;
				SWIFT_OPTIMIZATION_LEVEL = "-Onone";
			};
			name = Debug;
		};
		BB32C95722EC2FDF008AE956 /* Release */ = {
			isa = XCBuildConfiguration;
			buildSettings = {
				ALWAYS_SEARCH_USER_PATHS = NO;
				CLANG_ANALYZER_NONNULL = YES;
				CLANG_ANALYZER_NUMBER_OBJECT_CONVERSION = YES_AGGRESSIVE;
				CLANG_CXX_LANGUAGE_STANDARD = "gnu++14";
				CLANG_CXX_LIBRARY = "libc++";
				CLANG_ENABLE_MODULES = YES;
				CLANG_ENABLE_OBJC_ARC = YES;
				CLANG_ENABLE_OBJC_WEAK = YES;
				CLANG_WARN_BLOCK_CAPTURE_AUTORELEASING = YES;
				CLANG_WARN_BOOL_CONVERSION = YES;
				CLANG_WARN_COMMA = YES;
				CLANG_WARN_CONSTANT_CONVERSION = YES;
				CLANG_WARN_DEPRECATED_OBJC_IMPLEMENTATIONS = YES;
				CLANG_WARN_DIRECT_OBJC_ISA_USAGE = YES_ERROR;
				CLANG_WARN_DOCUMENTATION_COMMENTS = YES;
				CLANG_WARN_EMPTY_BODY = YES;
				CLANG_WARN_ENUM_CONVERSION = YES;
				CLANG_WARN_INFINITE_RECURSION = YES;
				CLANG_WARN_INT_CONVERSION = YES;
				CLANG_WARN_NON_LITERAL_NULL_CONVERSION = YES;
				CLANG_WARN_OBJC_IMPLICIT_RETAIN_SELF = YES;
				CLANG_WARN_OBJC_LITERAL_CONVERSION = YES;
				CLANG_WARN_OBJC_ROOT_CLASS = YES_ERROR;
				CLANG_WARN_RANGE_LOOP_ANALYSIS = YES;
				CLANG_WARN_STRICT_PROTOTYPES = YES;
				CLANG_WARN_SUSPICIOUS_MOVE = YES;
				CLANG_WARN_UNGUARDED_AVAILABILITY = YES_AGGRESSIVE;
				CLANG_WARN_UNREACHABLE_CODE = YES;
				CLANG_WARN__DUPLICATE_METHOD_MATCH = YES;
				CODE_SIGN_IDENTITY = "iPhone Developer";
				COPY_PHASE_STRIP = NO;
				DEBUG_INFORMATION_FORMAT = "dwarf-with-dsym";
				ENABLE_NS_ASSERTIONS = NO;
				ENABLE_STRICT_OBJC_MSGSEND = YES;
				GCC_C_LANGUAGE_STANDARD = gnu11;
				GCC_NO_COMMON_BLOCKS = YES;
				GCC_WARN_64_TO_32_BIT_CONVERSION = YES;
				GCC_WARN_ABOUT_RETURN_TYPE = YES_ERROR;
				GCC_WARN_UNDECLARED_SELECTOR = YES;
				GCC_WARN_UNINITIALIZED_AUTOS = YES_AGGRESSIVE;
				GCC_WARN_UNUSED_FUNCTION = YES;
				GCC_WARN_UNUSED_VARIABLE = YES;
				IPHONEOS_DEPLOYMENT_TARGET = 12.2;
				MTL_ENABLE_DEBUG_INFO = NO;
				MTL_FAST_MATH = YES;
				SDKROOT = iphoneos;
				SWIFT_COMPILATION_MODE = wholemodule;
				SWIFT_OPTIMIZATION_LEVEL = "-O";
				VALIDATE_PRODUCT = YES;
			};
			name = Release;
		};
		BB32C95922EC2FDF008AE956 /* Debug */ = {
			isa = XCBuildConfiguration;
			baseConfigurationReference = 9ED978C2FADA09F8109E6A74 /* Pods-GinoTest.debug.xcconfig */;
			buildSettings = {
				ASSETCATALOG_COMPILER_APPICON_NAME = AppIcon;
				CODE_SIGN_STYLE = Automatic;
				DEVELOPMENT_TEAM = YF6FLR9SFP;
				INFOPLIST_FILE = "$(SRCROOT)/GinoTest/Resources/Info.plist";
				LD_RUNPATH_SEARCH_PATHS = (
					"$(inherited)",
					"@executable_path/Frameworks",
				);
				PRODUCT_BUNDLE_IDENTIFIER = com.binariks.GinoTest;
				PRODUCT_NAME = "$(TARGET_NAME)";
				SWIFT_VERSION = 5.0;
				TARGETED_DEVICE_FAMILY = "1,2";
			};
			name = Debug;
		};
		BB32C95A22EC2FDF008AE956 /* Release */ = {
			isa = XCBuildConfiguration;
			baseConfigurationReference = 59AF549CFA2282498567AE93 /* Pods-GinoTest.release.xcconfig */;
			buildSettings = {
				ASSETCATALOG_COMPILER_APPICON_NAME = AppIcon;
				CODE_SIGN_STYLE = Automatic;
				DEVELOPMENT_TEAM = YF6FLR9SFP;
				INFOPLIST_FILE = "$(SRCROOT)/GinoTest/Resources/Info.plist";
				LD_RUNPATH_SEARCH_PATHS = (
					"$(inherited)",
					"@executable_path/Frameworks",
				);
				PRODUCT_BUNDLE_IDENTIFIER = com.binariks.GinoTest;
				PRODUCT_NAME = "$(TARGET_NAME)";
				SWIFT_VERSION = 5.0;
				TARGETED_DEVICE_FAMILY = "1,2";
			};
			name = Release;
		};
/* End XCBuildConfiguration section */

/* Begin XCConfigurationList section */
		BB32C94122EC2FDE008AE956 /* Build configuration list for PBXProject "GinoTest" */ = {
			isa = XCConfigurationList;
			buildConfigurations = (
				BB32C95622EC2FDF008AE956 /* Debug */,
				BB32C95722EC2FDF008AE956 /* Release */,
			);
			defaultConfigurationIsVisible = 0;
			defaultConfigurationName = Release;
		};
		BB32C95822EC2FDF008AE956 /* Build configuration list for PBXNativeTarget "GinoTest" */ = {
			isa = XCConfigurationList;
			buildConfigurations = (
				BB32C95922EC2FDF008AE956 /* Debug */,
				BB32C95A22EC2FDF008AE956 /* Release */,
			);
			defaultConfigurationIsVisible = 0;
			defaultConfigurationName = Release;
		};
/* End XCConfigurationList section */
	};
	rootObject = BB32C93E22EC2FDE008AE956 /* Project object */;
}
